// !$*UTF8*$!
{
	archiveVersion = 1;
	classes = {
	};
	objectVersion = 55;
	objects = {

/* Begin PBXBuildFile section */
		AD1C2A58274CEAD9004B3178 /* Home in Frameworks */ = {isa = PBXBuildFile; productRef = AD1C2A57274CEAD9004B3178 /* Home */; };
		AD4453D2275777E2006FCDA6 /* API in Frameworks */ = {isa = PBXBuildFile; productRef = AD4453D1275777E2006FCDA6 /* API */; };
		AD4453D4275777E2006FCDA6 /* Detail in Frameworks */ = {isa = PBXBuildFile; productRef = AD4453D3275777E2006FCDA6 /* Detail */; };
		AD4453D6275777E2006FCDA6 /* FeatureInterfaces in Frameworks */ = {isa = PBXBuildFile; productRef = AD4453D5275777E2006FCDA6 /* FeatureInterfaces */; };
		AD4453D8275777E2006FCDA6 /* FeatureProvider in Frameworks */ = {isa = PBXBuildFile; productRef = AD4453D7275777E2006FCDA6 /* FeatureProvider */; };
		AD4453DA275777E2006FCDA6 /* UserDefaults in Frameworks */ = {isa = PBXBuildFile; productRef = AD4453D9275777E2006FCDA6 /* UserDefaults */; };
		AD4453DC27577A70006FCDA6 /* Setting in Frameworks */ = {isa = PBXBuildFile; productRef = AD4453DB27577A70006FCDA6 /* Setting */; };
		AD4453DD27577A70006FCDA6 /* Setting in Embed Frameworks */ = {isa = PBXBuildFile; productRef = AD4453DB27577A70006FCDA6 /* Setting */; settings = {ATTRIBUTES = (CodeSignOnCopy, ); }; };
		ADACDC3327575B9900213E37 /* Profile in Frameworks */ = {isa = PBXBuildFile; productRef = ADACDC3227575B9900213E37 /* Profile */; };
		ADC3845B27471ACC00FDC974 /* ProductionApp.swift in Sources */ = {isa = PBXBuildFile; fileRef = ADC3845A27471ACC00FDC974 /* ProductionApp.swift */; };
		ADC3845D27471ACC00FDC974 /* ContentView.swift in Sources */ = {isa = PBXBuildFile; fileRef = ADC3845C27471ACC00FDC974 /* ContentView.swift */; };
		ADC3845F27471ACE00FDC974 /* Assets.xcassets in Resources */ = {isa = PBXBuildFile; fileRef = ADC3845E27471ACE00FDC974 /* Assets.xcassets */; };
		ADC3846227471ACE00FDC974 /* Preview Assets.xcassets in Resources */ = {isa = PBXBuildFile; fileRef = ADC3846127471ACE00FDC974 /* Preview Assets.xcassets */; };
/* End PBXBuildFile section */

/* Begin PBXCopyFilesBuildPhase section */
		ADACDC30275758CC00213E37 /* Embed Frameworks */ = {
			isa = PBXCopyFilesBuildPhase;
			buildActionMask = 2147483647;
			dstPath = "";
			dstSubfolderSpec = 10;
			files = (
				AD4453DD27577A70006FCDA6 /* Setting in Embed Frameworks */,
			);
			name = "Embed Frameworks";
			runOnlyForDeploymentPostprocessing = 0;
		};
/* End PBXCopyFilesBuildPhase section */

/* Begin PBXFileReference section */
		AD1C2A5F274D08F9004B3178 /* API.swift */ = {isa = PBXFileReference; lastKnownFileType = sourcecode.swift; path = API.swift; sourceTree = "<group>"; };
		ADC3845727471ACC00FDC974 /* Production.app */ = {isa = PBXFileReference; explicitFileType = wrapper.application; includeInIndex = 0; path = Production.app; sourceTree = BUILT_PRODUCTS_DIR; };
		ADC3845A27471ACC00FDC974 /* ProductionApp.swift */ = {isa = PBXFileReference; lastKnownFileType = sourcecode.swift; path = ProductionApp.swift; sourceTree = "<group>"; };
		ADC3845C27471ACC00FDC974 /* ContentView.swift */ = {isa = PBXFileReference; lastKnownFileType = sourcecode.swift; path = ContentView.swift; sourceTree = "<group>"; };
		ADC3845E27471ACE00FDC974 /* Assets.xcassets */ = {isa = PBXFileReference; lastKnownFileType = folder.assetcatalog; path = Assets.xcassets; sourceTree = "<group>"; };
		ADC3846127471ACE00FDC974 /* Preview Assets.xcassets */ = {isa = PBXFileReference; lastKnownFileType = folder.assetcatalog; path = "Preview Assets.xcassets"; sourceTree = "<group>"; };
/* End PBXFileReference section */

/* Begin PBXFrameworksBuildPhase section */
		ADC3845427471ACC00FDC974 /* Frameworks */ = {
			isa = PBXFrameworksBuildPhase;
			buildActionMask = 2147483647;
			files = (
				AD4453D4275777E2006FCDA6 /* Detail in Frameworks */,
				ADACDC3327575B9900213E37 /* Profile in Frameworks */,
				AD4453D2275777E2006FCDA6 /* API in Frameworks */,
				AD4453DA275777E2006FCDA6 /* UserDefaults in Frameworks */,
				AD1C2A58274CEAD9004B3178 /* Home in Frameworks */,
				AD4453DC27577A70006FCDA6 /* Setting in Frameworks */,
				AD4453D8275777E2006FCDA6 /* FeatureProvider in Frameworks */,
				AD4453D6275777E2006FCDA6 /* FeatureInterfaces in Frameworks */,
			);
			runOnlyForDeploymentPostprocessing = 0;
		};
/* End PBXFrameworksBuildPhase section */

/* Begin PBXGroup section */
		AD1C2A54274CD878004B3178 /* Frameworks */ = {
			isa = PBXGroup;
			children = (
			);
			name = Frameworks;
			sourceTree = "<group>";
		};
		AD1C2A5E274D08F9004B3178 /* API */ = {
			isa = PBXGroup;
			children = (
				AD1C2A5F274D08F9004B3178 /* API.swift */,
			);
			path = API;
			sourceTree = "<group>";
		};
		ADC3844E27471ACC00FDC974 = {
			isa = PBXGroup;
			children = (
				ADC3845927471ACC00FDC974 /* Production */,
				AD1C2A5E274D08F9004B3178 /* API */,
				ADC3845827471ACC00FDC974 /* Products */,
				AD1C2A54274CD878004B3178 /* Frameworks */,
			);
			sourceTree = "<group>";
		};
		ADC3845827471ACC00FDC974 /* Products */ = {
			isa = PBXGroup;
			children = (
				ADC3845727471ACC00FDC974 /* Production.app */,
			);
			name = Products;
			sourceTree = "<group>";
		};
		ADC3845927471ACC00FDC974 /* Production */ = {
			isa = PBXGroup;
			children = (
				ADC3845A27471ACC00FDC974 /* ProductionApp.swift */,
				ADC3845C27471ACC00FDC974 /* ContentView.swift */,
				ADC3845E27471ACE00FDC974 /* Assets.xcassets */,
				ADC3846027471ACE00FDC974 /* Preview Content */,
			);
			path = Production;
			sourceTree = "<group>";
		};
		ADC3846027471ACE00FDC974 /* Preview Content */ = {
			isa = PBXGroup;
			children = (
				ADC3846127471ACE00FDC974 /* Preview Assets.xcassets */,
			);
			path = "Preview Content";
			sourceTree = "<group>";
		};
/* End PBXGroup section */

/* Begin PBXNativeTarget section */
		ADC3845627471ACC00FDC974 /* Production */ = {
			isa = PBXNativeTarget;
			buildConfigurationList = ADC3846527471ACE00FDC974 /* Build configuration list for PBXNativeTarget "Production" */;
			buildPhases = (
				ADC3845327471ACC00FDC974 /* Sources */,
				ADC3845427471ACC00FDC974 /* Frameworks */,
				ADC3845527471ACC00FDC974 /* Resources */,
				ADACDC30275758CC00213E37 /* Embed Frameworks */,
			);
			buildRules = (
			);
			dependencies = (
			);
			name = Production;
			packageProductDependencies = (
				AD1C2A57274CEAD9004B3178 /* Home */,
				ADACDC3227575B9900213E37 /* Profile */,
				AD4453D1275777E2006FCDA6 /* API */,
				AD4453D3275777E2006FCDA6 /* Detail */,
				AD4453D5275777E2006FCDA6 /* FeatureInterfaces */,
				AD4453D7275777E2006FCDA6 /* FeatureProvider */,
				AD4453D9275777E2006FCDA6 /* UserDefaults */,
				AD4453DB27577A70006FCDA6 /* Setting */,
			);
			productName = Production;
			productReference = ADC3845727471ACC00FDC974 /* Production.app */;
			productType = "com.apple.product-type.application";
		};
/* End PBXNativeTarget section */

/* Begin PBXProject section */
		ADC3844F27471ACC00FDC974 /* Project object */ = {
			isa = PBXProject;
			attributes = {
				BuildIndependentTargetsInParallel = 1;
				LastSwiftUpdateCheck = 1310;
				LastUpgradeCheck = 1310;
				TargetAttributes = {
					ADC3845627471ACC00FDC974 = {
						CreatedOnToolsVersion = 13.1;
					};
				};
			};
			buildConfigurationList = ADC3845227471ACC00FDC974 /* Build configuration list for PBXProject "Production" */;
			compatibilityVersion = "Xcode 13.0";
			developmentRegion = en;
			hasScannedForEncodings = 0;
			knownRegions = (
				en,
				Base,
			);
			mainGroup = ADC3844E27471ACC00FDC974;
			productRefGroup = ADC3845827471ACC00FDC974 /* Products */;
			projectDirPath = "";
			projectRoot = "";
			targets = (
				ADC3845627471ACC00FDC974 /* Production */,
			);
		};
/* End PBXProject section */

/* Begin PBXResourcesBuildPhase section */
		ADC3845527471ACC00FDC974 /* Resources */ = {
			isa = PBXResourcesBuildPhase;
			buildActionMask = 2147483647;
			files = (
				ADC3846227471ACE00FDC974 /* Preview Assets.xcassets in Resources */,
				ADC3845F27471ACE00FDC974 /* Assets.xcassets in Resources */,
			);
			runOnlyForDeploymentPostprocessing = 0;
		};
/* End PBXResourcesBuildPhase section */

/* Begin PBXSourcesBuildPhase section */
		ADC3845327471ACC00FDC974 /* Sources */ = {
			isa = PBXSourcesBuildPhase;
			buildActionMask = 2147483647;
			files = (
				ADC3845D27471ACC00FDC974 /* ContentView.swift in Sources */,
				ADC3845B27471ACC00FDC974 /* ProductionApp.swift in Sources */,
			);
			runOnlyForDeploymentPostprocessing = 0;
		};
/* End PBXSourcesBuildPhase section */

/* Begin XCBuildConfiguration section */
		ADC3846327471ACE00FDC974 /* Debug */ = {
			isa = XCBuildConfiguration;
			buildSettings = {
				ALWAYS_SEARCH_USER_PATHS = NO;
				CLANG_ANALYZER_NONNULL = YES;
				CLANG_ANALYZER_NUMBER_OBJECT_CONVERSION = YES_AGGRESSIVE;
				CLANG_CXX_LANGUAGE_STANDARD = "gnu++17";
				CLANG_CXX_LIBRARY = "libc++";
				CLANG_ENABLE_MODULES = YES;
				CLANG_ENABLE_OBJC_ARC = YES;
				CLANG_ENABLE_OBJC_WEAK = YES;
				CLANG_WARN_BLOCK_CAPTURE_AUTORELEASING = YES;
				CLANG_WARN_BOOL_CONVERSION = YES;
				CLANG_WARN_COMMA = YES;
				CLANG_WARN_CONSTANT_CONVERSION = YES;
				CLANG_WARN_DEPRECATED_OBJC_IMPLEMENTATIONS = YES;
				CLANG_WARN_DIRECT_OBJC_ISA_USAGE = YES_ERROR;
				CLANG_WARN_DOCUMENTATION_COMMENTS = YES;
				CLANG_WARN_EMPTY_BODY = YES;
				CLANG_WARN_ENUM_CONVERSION = YES;
				CLANG_WARN_INFINITE_RECURSION = YES;
				CLANG_WARN_INT_CONVERSION = YES;
				CLANG_WARN_NON_LITERAL_NULL_CONVERSION = YES;
				CLANG_WARN_OBJC_IMPLICIT_RETAIN_SELF = YES;
				CLANG_WARN_OBJC_LITERAL_CONVERSION = YES;
				CLANG_WARN_OBJC_ROOT_CLASS = YES_ERROR;
				CLANG_WARN_QUOTED_INCLUDE_IN_FRAMEWORK_HEADER = YES;
				CLANG_WARN_RANGE_LOOP_ANALYSIS = YES;
				CLANG_WARN_STRICT_PROTOTYPES = YES;
				CLANG_WARN_SUSPICIOUS_MOVE = YES;
				CLANG_WARN_UNGUARDED_AVAILABILITY = YES_AGGRESSIVE;
				CLANG_WARN_UNREACHABLE_CODE = YES;
				CLANG_WARN__DUPLICATE_METHOD_MATCH = YES;
				COPY_PHASE_STRIP = NO;
				DEBUG_INFORMATION_FORMAT = dwarf;
				ENABLE_STRICT_OBJC_MSGSEND = YES;
				ENABLE_TESTABILITY = YES;
				GCC_C_LANGUAGE_STANDARD = gnu11;
				GCC_DYNAMIC_NO_PIC = NO;
				GCC_NO_COMMON_BLOCKS = YES;
				GCC_OPTIMIZATION_LEVEL = 0;
				GCC_PREPROCESSOR_DEFINITIONS = (
					"DEBUG=1",
					"$(inherited)",
				);
				GCC_WARN_64_TO_32_BIT_CONVERSION = YES;
				GCC_WARN_ABOUT_RETURN_TYPE = YES_ERROR;
				GCC_WARN_UNDECLARED_SELECTOR = YES;
				GCC_WARN_UNINITIALIZED_AUTOS = YES_AGGRESSIVE;
				GCC_WARN_UNUSED_FUNCTION = YES;
				GCC_WARN_UNUSED_VARIABLE = YES;
				IPHONEOS_DEPLOYMENT_TARGET = 15.0;
				MTL_ENABLE_DEBUG_INFO = INCLUDE_SOURCE;
				MTL_FAST_MATH = YES;
				ONLY_ACTIVE_ARCH = YES;
				SDKROOT = iphoneos;
				SWIFT_ACTIVE_COMPILATION_CONDITIONS = DEBUG;
				SWIFT_OPTIMIZATION_LEVEL = "-Onone";
			};
			name = Debug;
		};
		ADC3846427471ACE00FDC974 /* Release */ = {
			isa = XCBuildConfiguration;
			buildSettings = {
				ALWAYS_SEARCH_USER_PATHS = NO;
				CLANG_ANALYZER_NONNULL = YES;
				CLANG_ANALYZER_NUMBER_OBJECT_CONVERSION = YES_AGGRESSIVE;
				CLANG_CXX_LANGUAGE_STANDARD = "gnu++17";
				CLANG_CXX_LIBRARY = "libc++";
				CLANG_ENABLE_MODULES = YES;
				CLANG_ENABLE_OBJC_ARC = YES;
				CLANG_ENABLE_OBJC_WEAK = YES;
				CLANG_WARN_BLOCK_CAPTURE_AUTORELEASING = YES;
				CLANG_WARN_BOOL_CONVERSION = YES;
				CLANG_WARN_COMMA = YES;
				CLANG_WARN_CONSTANT_CONVERSION = YES;
				CLANG_WARN_DEPRECATED_OBJC_IMPLEMENTATIONS = YES;
				CLANG_WARN_DIRECT_OBJC_ISA_USAGE = YES_ERROR;
				CLANG_WARN_DOCUMENTATION_COMMENTS = YES;
				CLANG_WARN_EMPTY_BODY = YES;
				CLANG_WARN_ENUM_CONVERSION = YES;
				CLANG_WARN_INFINITE_RECURSION = YES;
				CLANG_WARN_INT_CONVERSION = YES;
				CLANG_WARN_NON_LITERAL_NULL_CONVERSION = YES;
				CLANG_WARN_OBJC_IMPLICIT_RETAIN_SELF = YES;
				CLANG_WARN_OBJC_LITERAL_CONVERSION = YES;
				CLANG_WARN_OBJC_ROOT_CLASS = YES_ERROR;
				CLANG_WARN_QUOTED_INCLUDE_IN_FRAMEWORK_HEADER = YES;
				CLANG_WARN_RANGE_LOOP_ANALYSIS = YES;
				CLANG_WARN_STRICT_PROTOTYPES = YES;
				CLANG_WARN_SUSPICIOUS_MOVE = YES;
				CLANG_WARN_UNGUARDED_AVAILABILITY = YES_AGGRESSIVE;
				CLANG_WARN_UNREACHABLE_CODE = YES;
				CLANG_WARN__DUPLICATE_METHOD_MATCH = YES;
				COPY_PHASE_STRIP = NO;
				DEBUG_INFORMATION_FORMAT = "dwarf-with-dsym";
				ENABLE_NS_ASSERTIONS = NO;
				ENABLE_STRICT_OBJC_MSGSEND = YES;
				GCC_C_LANGUAGE_STANDARD = gnu11;
				GCC_NO_COMMON_BLOCKS = YES;
				GCC_WARN_64_TO_32_BIT_CONVERSION = YES;
				GCC_WARN_ABOUT_RETURN_TYPE = YES_ERROR;
				GCC_WARN_UNDECLARED_SELECTOR = YES;
				GCC_WARN_UNINITIALIZED_AUTOS = YES_AGGRESSIVE;
				GCC_WARN_UNUSED_FUNCTION = YES;
				GCC_WARN_UNUSED_VARIABLE = YES;
				IPHONEOS_DEPLOYMENT_TARGET = 15.0;
				MTL_ENABLE_DEBUG_INFO = NO;
				MTL_FAST_MATH = YES;
				SDKROOT = iphoneos;
				SWIFT_COMPILATION_MODE = wholemodule;
				SWIFT_OPTIMIZATION_LEVEL = "-O";
				VALIDATE_PRODUCT = YES;
			};
			name = Release;
		};
		ADC3846627471ACE00FDC974 /* Debug */ = {
			isa = XCBuildConfiguration;
			buildSettings = {
				ASSETCATALOG_COMPILER_APPICON_NAME = AppIcon;
				ASSETCATALOG_COMPILER_GLOBAL_ACCENT_COLOR_NAME = AccentColor;
				CODE_SIGN_STYLE = Automatic;
				CURRENT_PROJECT_VERSION = 1;
				DEVELOPMENT_ASSET_PATHS = "\"Production/Preview Content\"";
				DEVELOPMENT_TEAM = CMZ8NMX69N;
				ENABLE_PREVIEWS = YES;
				GENERATE_INFOPLIST_FILE = YES;
				INFOPLIST_KEY_UIApplicationSceneManifest_Generation = YES;
				INFOPLIST_KEY_UIApplicationSupportsIndirectInputEvents = YES;
				INFOPLIST_KEY_UILaunchScreen_Generation = YES;
				INFOPLIST_KEY_UISupportedInterfaceOrientations_iPad = "UIInterfaceOrientationPortrait UIInterfaceOrientationPortraitUpsideDown UIInterfaceOrientationLandscapeLeft UIInterfaceOrientationLandscapeRight";
				INFOPLIST_KEY_UISupportedInterfaceOrientations_iPhone = "UIInterfaceOrientationPortrait UIInterfaceOrientationLandscapeLeft UIInterfaceOrientationLandscapeRight";
				LD_RUNPATH_SEARCH_PATHS = (
					"$(inherited)",
					"@executable_path/Frameworks",
				);
				MARKETING_VERSION = 1.0;
				PRODUCT_BUNDLE_IDENTIFIER = y.ryoga.Production;
				PRODUCT_NAME = "$(TARGET_NAME)";
				SWIFT_EMIT_LOC_STRINGS = YES;
				SWIFT_VERSION = 5.0;
				TARGETED_DEVICE_FAMILY = "1,2";
			};
			name = Debug;
		};
		ADC3846727471ACE00FDC974 /* Release */ = {
			isa = XCBuildConfiguration;
			buildSettings = {
				ASSETCATALOG_COMPILER_APPICON_NAME = AppIcon;
				ASSETCATALOG_COMPILER_GLOBAL_ACCENT_COLOR_NAME = AccentColor;
				CODE_SIGN_STYLE = Automatic;
				CURRENT_PROJECT_VERSION = 1;
				DEVELOPMENT_ASSET_PATHS = "\"Production/Preview Content\"";
				DEVELOPMENT_TEAM = CMZ8NMX69N;
				ENABLE_PREVIEWS = YES;
				GENERATE_INFOPLIST_FILE = YES;
				INFOPLIST_KEY_UIApplicationSceneManifest_Generation = YES;
				INFOPLIST_KEY_UIApplicationSupportsIndirectInputEvents = YES;
				INFOPLIST_KEY_UILaunchScreen_Generation = YES;
				INFOPLIST_KEY_UISupportedInterfaceOrientations_iPad = "UIInterfaceOrientationPortrait UIInterfaceOrientationPortraitUpsideDown UIInterfaceOrientationLandscapeLeft UIInterfaceOrientationLandscapeRight";
				INFOPLIST_KEY_UISupportedInterfaceOrientations_iPhone = "UIInterfaceOrientationPortrait UIInterfaceOrientationLandscapeLeft UIInterfaceOrientationLandscapeRight";
				LD_RUNPATH_SEARCH_PATHS = (
					"$(inherited)",
					"@executable_path/Frameworks",
				);
				MARKETING_VERSION = 1.0;
				PRODUCT_BUNDLE_IDENTIFIER = y.ryoga.Production;
				PRODUCT_NAME = "$(TARGET_NAME)";
				SWIFT_EMIT_LOC_STRINGS = YES;
				SWIFT_VERSION = 5.0;
				TARGETED_DEVICE_FAMILY = "1,2";
			};
			name = Release;
		};
/* End XCBuildConfiguration section */

/* Begin XCConfigurationList section */
		ADC3845227471ACC00FDC974 /* Build configuration list for PBXProject "Production" */ = {
			isa = XCConfigurationList;
			buildConfigurations = (
				ADC3846327471ACE00FDC974 /* Debug */,
				ADC3846427471ACE00FDC974 /* Release */,
			);
			defaultConfigurationIsVisible = 0;
			defaultConfigurationName = Release;
		};
		ADC3846527471ACE00FDC974 /* Build configuration list for PBXNativeTarget "Production" */ = {
			isa = XCConfigurationList;
			buildConfigurations = (
				ADC3846627471ACE00FDC974 /* Debug */,
				ADC3846727471ACE00FDC974 /* Release */,
			);
			defaultConfigurationIsVisible = 0;
			defaultConfigurationName = Release;
		};
/* End XCConfigurationList section */

/* Begin XCSwiftPackageProductDependency section */
		AD1C2A57274CEAD9004B3178 /* Home */ = {
			isa = XCSwiftPackageProductDependency;
			productName = Home;
		};
		AD4453D1275777E2006FCDA6 /* API */ = {
			isa = XCSwiftPackageProductDependency;
			productName = API;
		};
		AD4453D3275777E2006FCDA6 /* Detail */ = {
			isa = XCSwiftPackageProductDependency;
			productName = Detail;
		};
		AD4453D5275777E2006FCDA6 /* FeatureInterfaces */ = {
			isa = XCSwiftPackageProductDependency;
			productName = FeatureInterfaces;
		};
		AD4453D7275777E2006FCDA6 /* FeatureProvider */ = {
			isa = XCSwiftPackageProductDependency;
			productName = FeatureProvider;
		};
		AD4453D9275777E2006FCDA6 /* UserDefaults */ = {
			isa = XCSwiftPackageProductDependency;
			productName = UserDefaults;
		};
		AD4453DB27577A70006FCDA6 /* Setting */ = {
			isa = XCSwiftPackageProductDependency;
			productName = Setting;
		};
		ADACDC3227575B9900213E37 /* Profile */ = {
			isa = XCSwiftPackageProductDependency;
			productName = Profile;
		};
/* End XCSwiftPackageProductDependency section */
	};
	rootObject = ADC3844F27471ACC00FDC974 /* Project object */;
}
